
Microsoft Visual Studio Solution File, Format Version 12.00
# Visual Studio 14
VisualStudioVersion = 14.0.25420.1
MinimumVisualStudioVersion = 10.0.40219.1
Project("{8BC9CEB8-8B4A-11D0-8D11-00A0C91BC942}") = "CudaTest", "CudaTest\CudaTest.vcxproj", "{0DFF970B-36D0-409C-891E-FA1D76D16164}"
EndProject
Project("{8BC9CEB8-8B4A-11D0-8D11-00A0C91BC942}") = "QuantumCircuitCPU", "QuantumCircuitCPU\QuantumCircuitCPU.vcxproj", "{08162214-54EE-4E3F-A694-838BD4A83046}"
EndProject
Project("{8BC9CEB8-8B4A-11D0-8D11-00A0C91BC942}") = "QuantumCircuitCPUParallel", "QuantumCircuitCPUParallel\QuantumCircuitCPUParallel.vcxproj", "{5943904B-EA74-41B7-A012-A5F288B1A653}"
EndProject
Global
	GlobalSection(SolutionConfigurationPlatforms) = preSolution
		Debug|x64 = Debug|x64
		Debug|x86 = Debug|x86
		Release|x64 = Release|x64
		Release|x86 = Release|x86
	EndGlobalSection
	GlobalSection(ProjectConfigurationPlatforms) = postSolution
		{0DFF970B-36D0-409C-891E-FA1D76D16164}.Debug|x64.ActiveCfg = Debug|x64
		{0DFF970B-36D0-409C-891E-FA1D76D16164}.Debug|x64.Build.0 = Debug|x64
		{0DFF970B-36D0-409C-891E-FA1D76D16164}.Debug|x86.ActiveCfg = Debug|Win32
		{0DFF970B-36D0-409C-891E-FA1D76D16164}.Debug|x86.Build.0 = Debug|Win32
		{0DFF970B-36D0-409C-891E-FA1D76D16164}.Release|x64.ActiveCfg = Release|x64
		{0DFF970B-36D0-409C-891E-FA1D76D16164}.Release|x64.Build.0 = Release|x64
		{0DFF970B-36D0-409C-891E-FA1D76D16164}.Release|x86.ActiveCfg = Release|Win32
		{0DFF970B-36D0-409C-891E-FA1D76D16164}.Release|x86.Build.0 = Release|Win32
		{08162214-54EE-4E3F-A694-838BD4A83046}.Debug|x64.ActiveCfg = Debug|x64
		{08162214-54EE-4E3F-A694-838BD4A83046}.Debug|x64.Build.0 = Debug|x64
		{08162214-54EE-4E3F-A694-838BD4A83046}.Debug|x86.ActiveCfg = Debug|Win32
		{08162214-54EE-4E3F-A694-838BD4A83046}.Debug|x86.Build.0 = Debug|Win32
		{08162214-54EE-4E3F-A694-838BD4A83046}.Release|x64.ActiveCfg = Release|x64
		{08162214-54EE-4E3F-A694-838BD4A83046}.Release|x64.Build.0 = Release|x64
		{08162214-54EE-4E3F-A694-838BD4A83046}.Release|x86.ActiveCfg = Release|Win32
		{08162214-54EE-4E3F-A694-838BD4A83046}.Release|x86.Build.0 = Release|Win32
		{5943904B-EA74-41B7-A012-A5F288B1A653}.Debug|x64.ActiveCfg = Debug|x64
		{5943904B-EA74-41B7-A012-A5F288B1A653}.Debug|x64.Build.0 = Debug|x64
		{5943904B-EA74-41B7-A012-A5F288B1A653}.Debug|x86.ActiveCfg = Debug|Win32
		{5943904B-EA74-41B7-A012-A5F288B1A653}.Debug|x86.Build.0 = Debug|Win32
		{5943904B-EA74-41B7-A012-A5F288B1A653}.Release|x64.ActiveCfg = Release|x64
		{5943904B-EA74-41B7-A012-A5F288B1A653}.Release|x64.Build.0 = Release|x64
		{5943904B-EA74-41B7-A012-A5F288B1A653}.Release|x86.ActiveCfg = Release|Win32
		{5943904B-EA74-41B7-A012-A5F288B1A653}.Release|x86.Build.0 = Release|Win32
	EndGlobalSection
	GlobalSection(SolutionProperties) = preSolution
		HideSolutionNode = FALSE
	EndGlobalSection
EndGlobal
